// !$*UTF8*$!
{
	archiveVersion = 1;
	classes = {
	};
	objectVersion = 56;
	objects = {

/* Begin PBXBuildFile section */
		1F2D96232B63C15A000DBF70 /* AppDelegate.swift in Sources */ = {isa = PBXBuildFile; fileRef = 1F2D96222B63C15A000DBF70 /* AppDelegate.swift */; };
		1F2D96252B63C15A000DBF70 /* SceneDelegate.swift in Sources */ = {isa = PBXBuildFile; fileRef = 1F2D96242B63C15A000DBF70 /* SceneDelegate.swift */; };
		1F2D96272B63C15A000DBF70 /* ViewController.swift in Sources */ = {isa = PBXBuildFile; fileRef = 1F2D96262B63C15A000DBF70 /* ViewController.swift */; };
		1F2D962A2B63C15A000DBF70 /* Main.storyboard in Resources */ = {isa = PBXBuildFile; fileRef = 1F2D96282B63C15A000DBF70 /* Main.storyboard */; };
		1F2D962C2B63C15C000DBF70 /* Assets.xcassets in Resources */ = {isa = PBXBuildFile; fileRef = 1F2D962B2B63C15C000DBF70 /* Assets.xcassets */; };
		1F2D962F2B63C15C000DBF70 /* LaunchScreen.storyboard in Resources */ = {isa = PBXBuildFile; fileRef = 1F2D962D2B63C15C000DBF70 /* LaunchScreen.storyboard */; };
		1F2D96382B63C2BD000DBF70 /* TableViewCell.swift in Sources */ = {isa = PBXBuildFile; fileRef = 1F2D96362B63C2BD000DBF70 /* TableViewCell.swift */; };
		1F2D96392B63C2BD000DBF70 /* TableViewCell.xib in Resources */ = {isa = PBXBuildFile; fileRef = 1F2D96372B63C2BD000DBF70 /* TableViewCell.xib */; };
/* End PBXBuildFile section */

/* Begin PBXFileReference section */
		1F2D961F2B63C15A000DBF70 /* add a button and actions in UITableViewCell in Swift IOS.app */ = {isa = PBXFileReference; explicitFileType = wrapper.application; includeInIndex = 0; path = "add a button and actions in UITableViewCell in Swift IOS.app"; sourceTree = BUILT_PRODUCTS_DIR; };
		1F2D96222B63C15A000DBF70 /* AppDelegate.swift */ = {isa = PBXFileReference; lastKnownFileType = sourcecode.swift; path = AppDelegate.swift; sourceTree = "<group>"; };
		1F2D96242B63C15A000DBF70 /* SceneDelegate.swift */ = {isa = PBXFileReference; lastKnownFileType = sourcecode.swift; path = SceneDelegate.swift; sourceTree = "<group>"; };
		1F2D96262B63C15A000DBF70 /* ViewController.swift */ = {isa = PBXFileReference; lastKnownFileType = sourcecode.swift; path = ViewController.swift; sourceTree = "<group>"; };
		1F2D96292B63C15A000DBF70 /* Base */ = {isa = PBXFileReference; lastKnownFileType = file.storyboard; name = Base; path = Base.lproj/Main.storyboard; sourceTree = "<group>"; };
		1F2D962B2B63C15C000DBF70 /* Assets.xcassets */ = {isa = PBXFileReference; lastKnownFileType = folder.assetcatalog; path = Assets.xcassets; sourceTree = "<group>"; };
		1F2D962E2B63C15C000DBF70 /* Base */ = {isa = PBXFileReference; lastKnownFileType = file.storyboard; name = Base; path = Base.lproj/LaunchScreen.storyboard; sourceTree = "<group>"; };
		1F2D96302B63C15C000DBF70 /* Info.plist */ = {isa = PBXFileReference; lastKnownFileType = text.plist.xml; path = Info.plist; sourceTree = "<group>"; };
		1F2D96362B63C2BD000DBF70 /* TableViewCell.swift */ = {isa = PBXFileReference; lastKnownFileType = sourcecode.swift; path = TableViewCell.swift; sourceTree = "<group>"; };
		1F2D96372B63C2BD000DBF70 /* TableViewCell.xib */ = {isa = PBXFileReference; lastKnownFileType = file.xib; path = TableViewCell.xib; sourceTree = "<group>"; };
/* End PBXFileReference section */

/* Begin PBXFrameworksBuildPhase section */
		1F2D961C2B63C15A000DBF70 /* Frameworks */ = {
			isa = PBXFrameworksBuildPhase;
			buildActionMask = 2147483647;
			files = (
			);
			runOnlyForDeploymentPostprocessing = 0;
		};
/* End PBXFrameworksBuildPhase section */

/* Begin PBXGroup section */
		1F2D96162B63C15A000DBF70 = {
			isa = PBXGroup;
			children = (
				1F2D96212B63C15A000DBF70 /* add a button and actions in UITableViewCell in Swift IOS */,
				1F2D96202B63C15A000DBF70 /* Products */,
			);
			sourceTree = "<group>";
		};
		1F2D96202B63C15A000DBF70 /* Products */ = {
			isa = PBXGroup;
			children = (
				1F2D961F2B63C15A000DBF70 /* add a button and actions in UITableViewCell in Swift IOS.app */,
			);
			name = Products;
			sourceTree = "<group>";
		};
		1F2D96212B63C15A000DBF70 /* add a button and actions in UITableViewCell in Swift IOS */ = {
			isa = PBXGroup;
			children = (
				1F2D96222B63C15A000DBF70 /* AppDelegate.swift */,
				1F2D96242B63C15A000DBF70 /* SceneDelegate.swift */,
				1F2D96262B63C15A000DBF70 /* ViewController.swift */,
				1F2D96362B63C2BD000DBF70 /* TableViewCell.swift */,
				1F2D96372B63C2BD000DBF70 /* TableViewCell.xib */,
				1F2D96282B63C15A000DBF70 /* Main.storyboard */,
				1F2D962B2B63C15C000DBF70 /* Assets.xcassets */,
				1F2D962D2B63C15C000DBF70 /* LaunchScreen.storyboard */,
				1F2D96302B63C15C000DBF70 /* Info.plist */,
			);
			path = "add a button and actions in UITableViewCell in Swift IOS";
			sourceTree = "<group>";
		};
/* End PBXGroup section */

/* Begin PBXNativeTarget section */
		1F2D961E2B63C15A000DBF70 /* add a button and actions in UITableViewCell in Swift IOS */ = {
			isa = PBXNativeTarget;
			buildConfigurationList = 1F2D96332B63C15C000DBF70 /* Build configuration list for PBXNativeTarget "add a button and actions in UITableViewCell in Swift IOS" */;
			buildPhases = (
				1F2D961B2B63C15A000DBF70 /* Sources */,
				1F2D961C2B63C15A000DBF70 /* Frameworks */,
				1F2D961D2B63C15A000DBF70 /* Resources */,
			);
			buildRules = (
			);
			dependencies = (
			);
			name = "add a button and actions in UITableViewCell in Swift IOS";
			productName = "add a button and actions in UITableViewCell in Swift IOS";
			productReference = 1F2D961F2B63C15A000DBF70 /* add a button and actions in UITableViewCell in Swift IOS.app */;
			productType = "com.apple.product-type.application";
		};
/* End PBXNativeTarget section */

/* Begin PBXProject section */
		1F2D96172B63C15A000DBF70 /* Project object */ = {
			isa = PBXProject;
			attributes = {
				BuildIndependentTargetsInParallel = 1;
				LastSwiftUpdateCheck = 1400;
				LastUpgradeCheck = 1400;
				TargetAttributes = {
					1F2D961E2B63C15A000DBF70 = {
						CreatedOnToolsVersion = 14.0;
					};
				};
			};
			buildConfigurationList = 1F2D961A2B63C15A000DBF70 /* Build configuration list for PBXProject "add a button and actions in UITableViewCell in Swift IOS" */;
			compatibilityVersion = "Xcode 14.0";
			developmentRegion = en;
			hasScannedForEncodings = 0;
			knownRegions = (
				en,
				Base,
			);
			mainGroup = 1F2D96162B63C15A000DBF70;
			productRefGroup = 1F2D96202B63C15A000DBF70 /* Products */;
			projectDirPath = "";
			projectRoot = "";
			targets = (
				1F2D961E2B63C15A000DBF70 /* add a button and actions in UITableViewCell in Swift IOS */,
			);
		};
/* End PBXProject section */

/* Begin PBXResourcesBuildPhase section */
		1F2D961D2B63C15A000DBF70 /* Resources */ = {
			isa = PBXResourcesBuildPhase;
			buildActionMask = 2147483647;
			files = (
				1F2D962F2B63C15C000DBF70 /* LaunchScreen.storyboard in Resources */,
				1F2D96392B63C2BD000DBF70 /* TableViewCell.xib in Resources */,
				1F2D962C2B63C15C000DBF70 /* Assets.xcassets in Resources */,
				1F2D962A2B63C15A000DBF70 /* Main.storyboard in Resources */,
			);
			runOnlyForDeploymentPostprocessing = 0;
		};
/* End PBXResourcesBuildPhase section */

/* Begin PBXSourcesBuildPhase section */
		1F2D961B2B63C15A000DBF70 /* Sources */ = {
			isa = PBXSourcesBuildPhase;
			buildActionMask = 2147483647;
			files = (
				1F2D96272B63C15A000DBF70 /* ViewController.swift in Sources */,
				1F2D96382B63C2BD000DBF70 /* TableViewCell.swift in Sources */,
				1F2D96232B63C15A000DBF70 /* AppDelegate.swift in Sources */,
				1F2D96252B63C15A000DBF70 /* SceneDelegate.swift in Sources */,
			);
			runOnlyForDeploymentPostprocessing = 0;
		};
/* End PBXSourcesBuildPhase section */

/* Begin PBXVariantGroup section */
		1F2D96282B63C15A000DBF70 /* Main.storyboard */ = {
			isa = PBXVariantGroup;
			children = (
				1F2D96292B63C15A000DBF70 /* Base */,
			);
			name = Main.storyboard;
			sourceTree = "<group>";
		};
		1F2D962D2B63C15C000DBF70 /* LaunchScreen.storyboard */ = {
			isa = PBXVariantGroup;
			children = (
				1F2D962E2B63C15C000DBF70 /* Base */,
			);
			name = LaunchScreen.storyboard;
			sourceTree = "<group>";
		};
/* End PBXVariantGroup section */

/* Begin XCBuildConfiguration section */
		1F2D96312B63C15C000DBF70 /* Debug */ = {
			isa = XCBuildConfiguration;
			buildSettings = {
				ALWAYS_SEARCH_USER_PATHS = NO;
				CLANG_ANALYZER_NONNULL = YES;
				CLANG_ANALYZER_NUMBER_OBJECT_CONVERSION = YES_AGGRESSIVE;
				CLANG_CXX_LANGUAGE_STANDARD = "gnu++20";
				CLANG_ENABLE_MODULES = YES;
				CLANG_ENABLE_OBJC_ARC = YES;
				CLANG_ENABLE_OBJC_WEAK = YES;
				CLANG_WARN_BLOCK_CAPTURE_AUTORELEASING = YES;
				CLANG_WARN_BOOL_CONVERSION = YES;
				CLANG_WARN_COMMA = YES;
				CLANG_WARN_CONSTANT_CONVERSION = YES;
				CLANG_WARN_DEPRECATED_OBJC_IMPLEMENTATIONS = YES;
				CLANG_WARN_DIRECT_OBJC_ISA_USAGE = YES_ERROR;
				CLANG_WARN_DOCUMENTATION_COMMENTS = YES;
				CLANG_WARN_EMPTY_BODY = YES;
				CLANG_WARN_ENUM_CONVERSION = YES;
				CLANG_WARN_INFINITE_RECURSION = YES;
				CLANG_WARN_INT_CONVERSION = YES;
				CLANG_WARN_NON_LITERAL_NULL_CONVERSION = YES;
				CLANG_WARN_OBJC_IMPLICIT_RETAIN_SELF = YES;
				CLANG_WARN_OBJC_LITERAL_CONVERSION = YES;
				CLANG_WARN_OBJC_ROOT_CLASS = YES_ERROR;
				CLANG_WARN_QUOTED_INCLUDE_IN_FRAMEWORK_HEADER = YES;
				CLANG_WARN_RANGE_LOOP_ANALYSIS = YES;
				CLANG_WARN_STRICT_PROTOTYPES = YES;
				CLANG_WARN_SUSPICIOUS_MOVE = YES;
				CLANG_WARN_UNGUARDED_AVAILABILITY = YES_AGGRESSIVE;
				CLANG_WARN_UNREACHABLE_CODE = YES;
				CLANG_WARN__DUPLICATE_METHOD_MATCH = YES;
				COPY_PHASE_STRIP = NO;
				DEBUG_INFORMATION_FORMAT = dwarf;
				ENABLE_STRICT_OBJC_MSGSEND = YES;
				ENABLE_TESTABILITY = YES;
				GCC_C_LANGUAGE_STANDARD = gnu11;
				GCC_DYNAMIC_NO_PIC = NO;
				GCC_NO_COMMON_BLOCKS = YES;
				GCC_OPTIMIZATION_LEVEL = 0;
				GCC_PREPROCESSOR_DEFINITIONS = (
					"DEBUG=1",
					"$(inherited)",
				);
				GCC_WARN_64_TO_32_BIT_CONVERSION = YES;
				GCC_WARN_ABOUT_RETURN_TYPE = YES_ERROR;
				GCC_WARN_UNDECLARED_SELECTOR = YES;
				GCC_WARN_UNINITIALIZED_AUTOS = YES_AGGRESSIVE;
				GCC_WARN_UNUSED_FUNCTION = YES;
				GCC_WARN_UNUSED_VARIABLE = YES;
				IPHONEOS_DEPLOYMENT_TARGET = 16.0;
				MTL_ENABLE_DEBUG_INFO = INCLUDE_SOURCE;
				MTL_FAST_MATH = YES;
				ONLY_ACTIVE_ARCH = YES;
				SDKROOT = iphoneos;
				SWIFT_ACTIVE_COMPILATION_CONDITIONS = DEBUG;
				SWIFT_OPTIMIZATION_LEVEL = "-Onone";
			};
			name = Debug;
		};
		1F2D96322B63C15C000DBF70 /* Release */ = {
			isa = XCBuildConfiguration;
			buildSettings = {
				ALWAYS_SEARCH_USER_PATHS = NO;
				CLANG_ANALYZER_NONNULL = YES;
				CLANG_ANALYZER_NUMBER_OBJECT_CONVERSION = YES_AGGRESSIVE;
				CLANG_CXX_LANGUAGE_STANDARD = "gnu++20";
				CLANG_ENABLE_MODULES = YES;
				CLANG_ENABLE_OBJC_ARC = YES;
				CLANG_ENABLE_OBJC_WEAK = YES;
				CLANG_WARN_BLOCK_CAPTURE_AUTORELEASING = YES;
				CLANG_WARN_BOOL_CONVERSION = YES;
				CLANG_WARN_COMMA = YES;
				CLANG_WARN_CONSTANT_CONVERSION = YES;
				CLANG_WARN_DEPRECATED_OBJC_IMPLEMENTATIONS = YES;
				CLANG_WARN_DIRECT_OBJC_ISA_USAGE = YES_ERROR;
				CLANG_WARN_DOCUMENTATION_COMMENTS = YES;
				CLANG_WARN_EMPTY_BODY = YES;
				CLANG_WARN_ENUM_CONVERSION = YES;
				CLANG_WARN_INFINITE_RECURSION = YES;
				CLANG_WARN_INT_CONVERSION = YES;
				CLANG_WARN_NON_LITERAL_NULL_CONVERSION = YES;
				CLANG_WARN_OBJC_IMPLICIT_RETAIN_SELF = YES;
				CLANG_WARN_OBJC_LITERAL_CONVERSION = YES;
				CLANG_WARN_OBJC_ROOT_CLASS = YES_ERROR;
				CLANG_WARN_QUOTED_INCLUDE_IN_FRAMEWORK_HEADER = YES;
				CLANG_WARN_RANGE_LOOP_ANALYSIS = YES;
				CLANG_WARN_STRICT_PROTOTYPES = YES;
				CLANG_WARN_SUSPICIOUS_MOVE = YES;
				CLANG_WARN_UNGUARDED_AVAILABILITY = YES_AGGRESSIVE;
				CLANG_WARN_UNREACHABLE_CODE = YES;
				CLANG_WARN__DUPLICATE_METHOD_MATCH = YES;
				COPY_PHASE_STRIP = NO;
				DEBUG_INFORMATION_FORMAT = "dwarf-with-dsym";
				ENABLE_NS_ASSERTIONS = NO;
				ENABLE_STRICT_OBJC_MSGSEND = YES;
				GCC_C_LANGUAGE_STANDARD = gnu11;
				GCC_NO_COMMON_BLOCKS = YES;
				GCC_WARN_64_TO_32_BIT_CONVERSION = YES;
				GCC_WARN_ABOUT_RETURN_TYPE = YES_ERROR;
				GCC_WARN_UNDECLARED_SELECTOR = YES;
				GCC_WARN_UNINITIALIZED_AUTOS = YES_AGGRESSIVE;
				GCC_WARN_UNUSED_FUNCTION = YES;
				GCC_WARN_UNUSED_VARIABLE = YES;
				IPHONEOS_DEPLOYMENT_TARGET = 16.0;
				MTL_ENABLE_DEBUG_INFO = NO;
				MTL_FAST_MATH = YES;
				SDKROOT = iphoneos;
				SWIFT_COMPILATION_MODE = wholemodule;
				SWIFT_OPTIMIZATION_LEVEL = "-O";
				VALIDATE_PRODUCT = YES;
			};
			name = Release;
		};
		1F2D96342B63C15C000DBF70 /* Debug */ = {
			isa = XCBuildConfiguration;
			buildSettings = {
				ASSETCATALOG_COMPILER_APPICON_NAME = AppIcon;
				ASSETCATALOG_COMPILER_GLOBAL_ACCENT_COLOR_NAME = AccentColor;
				CODE_SIGN_STYLE = Automatic;
				CURRENT_PROJECT_VERSION = 1;
				GENERATE_INFOPLIST_FILE = YES;
				INFOPLIST_FILE = "add a button and actions in UITableViewCell in Swift IOS/Info.plist";
				INFOPLIST_KEY_UIApplicationSupportsIndirectInputEvents = YES;
				INFOPLIST_KEY_UILaunchStoryboardName = LaunchScreen;
				INFOPLIST_KEY_UIMainStoryboardFile = Main;
				INFOPLIST_KEY_UISupportedInterfaceOrientations_iPad = "UIInterfaceOrientationPortrait UIInterfaceOrientationPortraitUpsideDown UIInterfaceOrientationLandscapeLeft UIInterfaceOrientationLandscapeRight";
				INFOPLIST_KEY_UISupportedInterfaceOrientations_iPhone = "UIInterfaceOrientationPortrait UIInterfaceOrientationLandscapeLeft UIInterfaceOrientationLandscapeRight";
				LD_RUNPATH_SEARCH_PATHS = (
					"$(inherited)",
					"@executable_path/Frameworks",
				);
				MARKETING_VERSION = 1.0;
				PRODUCT_BUNDLE_IDENTIFIER = "com.example.add-a-button-and-actions-in-UITableViewCell-in-Swift-IOS";
				PRODUCT_NAME = "$(TARGET_NAME)";
				SWIFT_EMIT_LOC_STRINGS = YES;
				SWIFT_VERSION = 5.0;
				TARGETED_DEVICE_FAMILY = "1,2";
			};
			name = Debug;
		};
		1F2D96352B63C15C000DBF70 /* Release */ = {
			isa = XCBuildConfiguration;
			buildSettings = {
				ASSETCATALOG_COMPILER_APPICON_NAME = AppIcon;
				ASSETCATALOG_COMPILER_GLOBAL_ACCENT_COLOR_NAME = AccentColor;
				CODE_SIGN_STYLE = Automatic;
				CURRENT_PROJECT_VERSION = 1;
				GENERATE_INFOPLIST_FILE = YES;
				INFOPLIST_FILE = "add a button and actions in UITableViewCell in Swift IOS/Info.plist";
				INFOPLIST_KEY_UIApplicationSupportsIndirectInputEvents = YES;
				INFOPLIST_KEY_UILaunchStoryboardName = LaunchScreen;
				INFOPLIST_KEY_UIMainStoryboardFile = Main;
				INFOPLIST_KEY_UISupportedInterfaceOrientations_iPad = "UIInterfaceOrientationPortrait UIInterfaceOrientationPortraitUpsideDown UIInterfaceOrientationLandscapeLeft UIInterfaceOrientationLandscapeRight";
				INFOPLIST_KEY_UISupportedInterfaceOrientations_iPhone = "UIInterfaceOrientationPortrait UIInterfaceOrientationLandscapeLeft UIInterfaceOrientationLandscapeRight";
				LD_RUNPATH_SEARCH_PATHS = (
					"$(inherited)",
					"@executable_path/Frameworks",
				);
				MARKETING_VERSION = 1.0;
				PRODUCT_BUNDLE_IDENTIFIER = "com.example.add-a-button-and-actions-in-UITableViewCell-in-Swift-IOS";
				PRODUCT_NAME = "$(TARGET_NAME)";
				SWIFT_EMIT_LOC_STRINGS = YES;
				SWIFT_VERSION = 5.0;
				TARGETED_DEVICE_FAMILY = "1,2";
			};
			name = Release;
		};
/* End XCBuildConfiguration section */

/* Begin XCConfigurationList section */
		1F2D961A2B63C15A000DBF70 /* Build configuration list for PBXProject "add a button and actions in UITableViewCell in Swift IOS" */ = {
			isa = XCConfigurationList;
			buildConfigurations = (
				1F2D96312B63C15C000DBF70 /* Debug */,
				1F2D96322B63C15C000DBF70 /* Release */,
			);
			defaultConfigurationIsVisible = 0;
			defaultConfigurationName = Release;
		};
		1F2D96332B63C15C000DBF70 /* Build configuration list for PBXNativeTarget "add a button and actions in UITableViewCell in Swift IOS" */ = {
			isa = XCConfigurationList;
			buildConfigurations = (
				1F2D96342B63C15C000DBF70 /* Debug */,
				1F2D96352B63C15C000DBF70 /* Release */,
			);
			defaultConfigurationIsVisible = 0;
			defaultConfigurationName = Release;
		};
/* End XCConfigurationList section */
	};
	rootObject = 1F2D96172B63C15A000DBF70 /* Project object */;
}
